
Microsoft Visual Studio Solution File, Format Version 12.00
# Visual Studio 15
VisualStudioVersion = 15.0.28307.1321
MinimumVisualStudioVersion = 10.0.40219.1
Project("{FAE04EC0-301F-11D3-BF4B-00C04F79EFBC}") = "ImageProcessing", "ImageProcessing\ImageProcessing.csproj", "{739A35D4-BC93-43B1-9AC1-CC5DACBE8F39}"
EndProject
Global
	GlobalSection(SolutionConfigurationPlatforms) = preSolution
		Debug|Any CPU = Debug|Any CPU
		Debug|x64 = Debug|x64
		Release|Any CPU = Release|Any CPU
		Release|x64 = Release|x64
	EndGlobalSection
	GlobalSection(ProjectConfigurationPlatforms) = postSolution
		{739A35D4-BC93-43B1-9AC1-CC5DACBE8F39}.Debug|Any CPU.ActiveCfg = Debug|Any CPU
		{739A35D4-BC93-43B1-9AC1-CC5DACBE8F39}.Debug|Any CPU.Build.0 = Debug|Any CPU
		{739A35D4-BC93-43B1-9AC1-CC5DACBE8F39}.Debug|x64.ActiveCfg = Debug|x64
		{739A35D4-BC93-43B1-9AC1-CC5DACBE8F39}.Debug|x64.Build.0 = Debug|x64
		{739A35D4-BC93-43B1-9AC1-CC5DACBE8F39}.Release|Any CPU.ActiveCfg = Release|Any CPU
		{739A35D4-BC93-43B1-9AC1-CC5DACBE8F39}.Release|Any CPU.Build.0 = Release|Any CPU
		{739A35D4-BC93-43B1-9AC1-CC5DACBE8F39}.Release|x64.ActiveCfg = Release|x64
		{739A35D4-BC93-43B1-9AC1-CC5DACBE8F39}.Release|x64.Build.0 = Release|x64
	EndGlobalSection
	GlobalSection(SolutionProperties) = preSolution
		HideSolutionNode = FALSE
	EndGlobalSection
	GlobalSection(ExtensibilityGlobals) = postSolution
		SolutionGuid = {D79F0987-80C1-4B84-A785-56929BD183E2}
	EndGlobalSection
EndGlobal
